PODS:
  - IBAnimatable (5.2.1)
  - SAConfettiView (0.1.8)

DEPENDENCIES:
  - IBAnimatable (from `https://github.com/IBAnimatable/IBAnimatable.git`, commit `997eb2fa2e2d0087869bd8879c199eb1c5cb70b9`)
  - SAConfettiView (from `https://github.com/sudeepag/SAConfettiView`, branch `master`)

EXTERNAL SOURCES:
  IBAnimatable:
    :commit: 997eb2fa2e2d0087869bd8879c199eb1c5cb70b9
    :git: https://github.com/IBAnimatable/IBAnimatable.git
  SAConfettiView:
    :branch: master
    :git: https://github.com/sudeepag/SAConfettiView

CHECKOUT OPTIONS:
  IBAnimatable:
    :commit: 997eb2fa2e2d0087869bd8879c199eb1c5cb70b9
    :git: https://github.com/IBAnimatable/IBAnimatable.git
  SAConfettiView:
    :commit: 4c78e355def75a37b707af63b393ba09895405a9
    :git: https://github.com/sudeepag/SAConfettiView

SPEC CHECKSUMS:
  IBAnimatable: a46b835ec6875178516cf7e014a40194d6bfa3fc
  SAConfettiView: c87031a2280659261b730fce3669fb10e73636ee

PODFILE CHECKSUM: 1e797434fc51a92909f98d94473c3889dc0c6f61

COCOAPODS: 1.9.1
