// !$*UTF8*$!
{
	archiveVersion = 1;
	classes = {
	};
	objectVersion = 50;
	objects = {

/* Begin PBXBuildFile section */
		BFFF438E41A062B2D8A63569 /* Pods_EasyBelote_iOS.framework in Frameworks */ = {isa = PBXBuildFile; fileRef = F4C2D34300D45284333FCC27 /* Pods_EasyBelote_iOS.framework */; };
		E20C8E432217021C00079164 /* DeclarationButton.swift in Sources */ = {isa = PBXBuildFile; fileRef = E20C8E422217021C00079164 /* DeclarationButton.swift */; };
		E20C8E452217022300079164 /* DeclarationButton.xib in Resources */ = {isa = PBXBuildFile; fileRef = E20C8E442217022300079164 /* DeclarationButton.xib */; };
		E20C8E47221718E500079164 /* RoundHistoryViewController.swift in Sources */ = {isa = PBXBuildFile; fileRef = E20C8E46221718E500079164 /* RoundHistoryViewController.swift */; };
		E20C8E4D22171A0A00079164 /* RoundTableViewCell.swift in Sources */ = {isa = PBXBuildFile; fileRef = E20C8E4B22171A0A00079164 /* RoundTableViewCell.swift */; };
		E20C8E4E22171A0A00079164 /* RoundTableViewCell.xib in Resources */ = {isa = PBXBuildFile; fileRef = E20C8E4C22171A0A00079164 /* RoundTableViewCell.xib */; };
		E2181A71221166E800EF163A /* HomeViewController.swift in Sources */ = {isa = PBXBuildFile; fileRef = E2181A5F221166E800EF163A /* HomeViewController.swift */; };
		E2181A72221166E800EF163A /* Main.storyboard in Resources */ = {isa = PBXBuildFile; fileRef = E2181A60221166E800EF163A /* Main.storyboard */; };
		E2181A73221166E800EF163A /* AppDelegate.swift in Sources */ = {isa = PBXBuildFile; fileRef = E2181A62221166E800EF163A /* AppDelegate.swift */; };
		E2181A74221166E800EF163A /* StoryboardSegues.swift in Sources */ = {isa = PBXBuildFile; fileRef = E2181A64221166E800EF163A /* StoryboardSegues.swift */; };
		E2181A75221166E800EF163A /* Assets.swift in Sources */ = {isa = PBXBuildFile; fileRef = E2181A65221166E800EF163A /* Assets.swift */; };
		E2181A76221166E800EF163A /* StoryboardScenes.swift in Sources */ = {isa = PBXBuildFile; fileRef = E2181A66221166E800EF163A /* StoryboardScenes.swift */; };
		E2181A77221166E800EF163A /* LaunchScreen.storyboard in Resources */ = {isa = PBXBuildFile; fileRef = E2181A67221166E800EF163A /* LaunchScreen.storyboard */; };
		E2181A78221166E800EF163A /* Localizables.swift in Sources */ = {isa = PBXBuildFile; fileRef = E2181A68221166E800EF163A /* Localizables.swift */; };
		E2181A79221166E800EF163A /* Assets.xcassets in Resources */ = {isa = PBXBuildFile; fileRef = E2181A69221166E800EF163A /* Assets.xcassets */; };
		E2181A7A221166E800EF163A /* Localizable.strings in Resources */ = {isa = PBXBuildFile; fileRef = E2181A6B221166E800EF163A /* Localizable.strings */; };
		E2181A7B221166E800EF163A /* Colors.swift in Sources */ = {isa = PBXBuildFile; fileRef = E2181A6E221166E800EF163A /* Colors.swift */; };
		E2181A7F2211691F00EF163A /* Game.storyboard in Resources */ = {isa = PBXBuildFile; fileRef = E2181A7E2211691F00EF163A /* Game.storyboard */; };
		E2181A8222116A6700EF163A /* NewGameViewController.swift in Sources */ = {isa = PBXBuildFile; fileRef = E2181A8122116A6700EF163A /* NewGameViewController.swift */; };
		E2181A8C2211719A00EF163A /* GameViewController.swift in Sources */ = {isa = PBXBuildFile; fileRef = E2181A8B2211719A00EF163A /* GameViewController.swift */; };
		E23C25BA2216B389004508F0 /* PlayerView.swift in Sources */ = {isa = PBXBuildFile; fileRef = E23C25B92216B389004508F0 /* PlayerView.swift */; };
		E23C25BC2216B394004508F0 /* PlayerView.xib in Resources */ = {isa = PBXBuildFile; fileRef = E23C25BB2216B394004508F0 /* PlayerView.xib */; };
		E23C25BE2216B7C9004508F0 /* RoundViewController.swift in Sources */ = {isa = PBXBuildFile; fileRef = E23C25BD2216B7C9004508F0 /* RoundViewController.swift */; };
		E23C25C02216BBA6004508F0 /* TeamRoundView.swift in Sources */ = {isa = PBXBuildFile; fileRef = E23C25BF2216BBA6004508F0 /* TeamRoundView.swift */; };
		E23C25C22216BBAD004508F0 /* TeamRoundView.xib in Resources */ = {isa = PBXBuildFile; fileRef = E23C25C12216BBAD004508F0 /* TeamRoundView.xib */; };
		E29E823A221414EC0036EC86 /* HighlightableView.swift in Sources */ = {isa = PBXBuildFile; fileRef = E29E8239221414EC0036EC86 /* HighlightableView.swift */; };
		E2AD87502215744D004CB98D /* GameContainerViewController.swift in Sources */ = {isa = PBXBuildFile; fileRef = E2AD874F2215744D004CB98D /* GameContainerViewController.swift */; };
		E2D49EFD2211658C00FE8802 /* EasyBelote_Core_iOS.framework in Frameworks */ = {isa = PBXBuildFile; fileRef = E2D49EFC2211658C00FE8802 /* EasyBelote_Core_iOS.framework */; };
		E2D49EFE2211658C00FE8802 /* EasyBelote_Core_iOS.framework in Embed Frameworks */ = {isa = PBXBuildFile; fileRef = E2D49EFC2211658C00FE8802 /* EasyBelote_Core_iOS.framework */; settings = {ATTRIBUTES = (CodeSignOnCopy, RemoveHeadersOnCopy, ); }; };
		E2F5EA312226CD7300AAD2C6 /* CoincheView.swift in Sources */ = {isa = PBXBuildFile; fileRef = E2F5EA302226CD7300AAD2C6 /* CoincheView.swift */; };
		E2F5EA332226CD7B00AAD2C6 /* CoincheView.xib in Resources */ = {isa = PBXBuildFile; fileRef = E2F5EA322226CD7B00AAD2C6 /* CoincheView.xib */; };
/* End PBXBuildFile section */

/* Begin PBXCopyFilesBuildPhase section */
		E2D49EFF2211658C00FE8802 /* Embed Frameworks */ = {
			isa = PBXCopyFilesBuildPhase;
			buildActionMask = 2147483647;
			dstPath = "";
			dstSubfolderSpec = 10;
			files = (
				E2D49EFE2211658C00FE8802 /* EasyBelote_Core_iOS.framework in Embed Frameworks */,
			);
			name = "Embed Frameworks";
			runOnlyForDeploymentPostprocessing = 0;
		};
/* End PBXCopyFilesBuildPhase section */

/* Begin PBXFileReference section */
		34BF0E06A2BBBAC806A14B6D /* Pods-Sample iOS.release.xcconfig */ = {isa = PBXFileReference; includeInIndex = 1; lastKnownFileType = text.xcconfig; name = "Pods-Sample iOS.release.xcconfig"; path = "../Pods/Target Support Files/Pods-Sample iOS/Pods-Sample iOS.release.xcconfig"; sourceTree = "<group>"; };
		6B2B181710995867948F9B85 /* Pods-EasyBelote iOS.release.xcconfig */ = {isa = PBXFileReference; includeInIndex = 1; lastKnownFileType = text.xcconfig; name = "Pods-EasyBelote iOS.release.xcconfig"; path = "../Pods/Target Support Files/Pods-EasyBelote iOS/Pods-EasyBelote iOS.release.xcconfig"; sourceTree = "<group>"; };
		85D40065B4465F18C0849D77 /* Pods-EasyBelote iOS.debug.xcconfig */ = {isa = PBXFileReference; includeInIndex = 1; lastKnownFileType = text.xcconfig; name = "Pods-EasyBelote iOS.debug.xcconfig"; path = "../Pods/Target Support Files/Pods-EasyBelote iOS/Pods-EasyBelote iOS.debug.xcconfig"; sourceTree = "<group>"; };
		E20C8E422217021C00079164 /* DeclarationButton.swift */ = {isa = PBXFileReference; lastKnownFileType = sourcecode.swift; path = DeclarationButton.swift; sourceTree = "<group>"; };
		E20C8E442217022300079164 /* DeclarationButton.xib */ = {isa = PBXFileReference; lastKnownFileType = file.xib; path = DeclarationButton.xib; sourceTree = "<group>"; };
		E20C8E46221718E500079164 /* RoundHistoryViewController.swift */ = {isa = PBXFileReference; lastKnownFileType = sourcecode.swift; path = RoundHistoryViewController.swift; sourceTree = "<group>"; };
		E20C8E4B22171A0A00079164 /* RoundTableViewCell.swift */ = {isa = PBXFileReference; lastKnownFileType = sourcecode.swift; path = RoundTableViewCell.swift; sourceTree = "<group>"; };
		E20C8E4C22171A0A00079164 /* RoundTableViewCell.xib */ = {isa = PBXFileReference; lastKnownFileType = file.xib; path = RoundTableViewCell.xib; sourceTree = "<group>"; };
		E2181A5F221166E800EF163A /* HomeViewController.swift */ = {isa = PBXFileReference; fileEncoding = 4; lastKnownFileType = sourcecode.swift; path = HomeViewController.swift; sourceTree = "<group>"; };
		E2181A60221166E800EF163A /* Main.storyboard */ = {isa = PBXFileReference; fileEncoding = 4; lastKnownFileType = file.storyboard; path = Main.storyboard; sourceTree = "<group>"; };
		E2181A62221166E800EF163A /* AppDelegate.swift */ = {isa = PBXFileReference; fileEncoding = 4; lastKnownFileType = sourcecode.swift; path = AppDelegate.swift; sourceTree = "<group>"; };
		E2181A64221166E800EF163A /* StoryboardSegues.swift */ = {isa = PBXFileReference; fileEncoding = 4; lastKnownFileType = sourcecode.swift; path = StoryboardSegues.swift; sourceTree = "<group>"; };
		E2181A65221166E800EF163A /* Assets.swift */ = {isa = PBXFileReference; fileEncoding = 4; lastKnownFileType = sourcecode.swift; path = Assets.swift; sourceTree = "<group>"; };
		E2181A66221166E800EF163A /* StoryboardScenes.swift */ = {isa = PBXFileReference; fileEncoding = 4; lastKnownFileType = sourcecode.swift; path = StoryboardScenes.swift; sourceTree = "<group>"; };
		E2181A67221166E800EF163A /* LaunchScreen.storyboard */ = {isa = PBXFileReference; fileEncoding = 4; lastKnownFileType = file.storyboard; path = LaunchScreen.storyboard; sourceTree = "<group>"; };
		E2181A68221166E800EF163A /* Localizables.swift */ = {isa = PBXFileReference; fileEncoding = 4; lastKnownFileType = sourcecode.swift; path = Localizables.swift; sourceTree = "<group>"; };
		E2181A69221166E800EF163A /* Assets.xcassets */ = {isa = PBXFileReference; lastKnownFileType = folder.assetcatalog; path = Assets.xcassets; sourceTree = "<group>"; };
		E2181A6C221166E800EF163A /* en */ = {isa = PBXFileReference; lastKnownFileType = text.plist.strings; name = en; path = en.lproj/Localizable.strings; sourceTree = "<group>"; };
		E2181A6D221166E800EF163A /* fr */ = {isa = PBXFileReference; lastKnownFileType = text.plist.strings; name = fr; path = fr.lproj/Localizable.strings; sourceTree = "<group>"; };
		E2181A6E221166E800EF163A /* Colors.swift */ = {isa = PBXFileReference; fileEncoding = 4; lastKnownFileType = sourcecode.swift; path = Colors.swift; sourceTree = "<group>"; };
		E2181A6F221166E800EF163A /* Info.plist */ = {isa = PBXFileReference; fileEncoding = 4; lastKnownFileType = text.plist.xml; path = Info.plist; sourceTree = "<group>"; };
		E2181A7E2211691F00EF163A /* Game.storyboard */ = {isa = PBXFileReference; lastKnownFileType = file.storyboard; path = Game.storyboard; sourceTree = "<group>"; };
		E2181A8122116A6700EF163A /* NewGameViewController.swift */ = {isa = PBXFileReference; lastKnownFileType = sourcecode.swift; path = NewGameViewController.swift; sourceTree = "<group>"; };
		E2181A8B2211719A00EF163A /* GameViewController.swift */ = {isa = PBXFileReference; lastKnownFileType = sourcecode.swift; path = GameViewController.swift; sourceTree = "<group>"; };
		E23C25B92216B389004508F0 /* PlayerView.swift */ = {isa = PBXFileReference; lastKnownFileType = sourcecode.swift; path = PlayerView.swift; sourceTree = "<group>"; };
		E23C25BB2216B394004508F0 /* PlayerView.xib */ = {isa = PBXFileReference; lastKnownFileType = file.xib; path = PlayerView.xib; sourceTree = "<group>"; };
		E23C25BD2216B7C9004508F0 /* RoundViewController.swift */ = {isa = PBXFileReference; lastKnownFileType = sourcecode.swift; path = RoundViewController.swift; sourceTree = "<group>"; };
		E23C25BF2216BBA6004508F0 /* TeamRoundView.swift */ = {isa = PBXFileReference; lastKnownFileType = sourcecode.swift; path = TeamRoundView.swift; sourceTree = "<group>"; };
		E23C25C12216BBAD004508F0 /* TeamRoundView.xib */ = {isa = PBXFileReference; lastKnownFileType = file.xib; path = TeamRoundView.xib; sourceTree = "<group>"; };
		E29E8239221414EC0036EC86 /* HighlightableView.swift */ = {isa = PBXFileReference; lastKnownFileType = sourcecode.swift; path = HighlightableView.swift; sourceTree = "<group>"; };
		E2AC2E1621E62EFC00FB14DA /* EasyBelote iOS.app */ = {isa = PBXFileReference; explicitFileType = wrapper.application; includeInIndex = 0; path = "EasyBelote iOS.app"; sourceTree = BUILT_PRODUCTS_DIR; };
		E2AD874F2215744D004CB98D /* GameContainerViewController.swift */ = {isa = PBXFileReference; lastKnownFileType = sourcecode.swift; path = GameContainerViewController.swift; sourceTree = "<group>"; };
		E2D49EFC2211658C00FE8802 /* EasyBelote_Core_iOS.framework */ = {isa = PBXFileReference; explicitFileType = wrapper.framework; path = EasyBelote_Core_iOS.framework; sourceTree = BUILT_PRODUCTS_DIR; };
		E2F5EA302226CD7300AAD2C6 /* CoincheView.swift */ = {isa = PBXFileReference; lastKnownFileType = sourcecode.swift; path = CoincheView.swift; sourceTree = "<group>"; };
		E2F5EA322226CD7B00AAD2C6 /* CoincheView.xib */ = {isa = PBXFileReference; lastKnownFileType = file.xib; path = CoincheView.xib; sourceTree = "<group>"; };
		F488AC120B9A6CEE320295D7 /* Pods-Sample iOS.debug.xcconfig */ = {isa = PBXFileReference; includeInIndex = 1; lastKnownFileType = text.xcconfig; name = "Pods-Sample iOS.debug.xcconfig"; path = "../Pods/Target Support Files/Pods-Sample iOS/Pods-Sample iOS.debug.xcconfig"; sourceTree = "<group>"; };
		F4C2D34300D45284333FCC27 /* Pods_EasyBelote_iOS.framework */ = {isa = PBXFileReference; explicitFileType = wrapper.framework; includeInIndex = 0; path = Pods_EasyBelote_iOS.framework; sourceTree = BUILT_PRODUCTS_DIR; };
/* End PBXFileReference section */

/* Begin PBXFrameworksBuildPhase section */
		E2AC2E1321E62EFC00FB14DA /* Frameworks */ = {
			isa = PBXFrameworksBuildPhase;
			buildActionMask = 2147483647;
			files = (
				E2D49EFD2211658C00FE8802 /* EasyBelote_Core_iOS.framework in Frameworks */,
				BFFF438E41A062B2D8A63569 /* Pods_EasyBelote_iOS.framework in Frameworks */,
			);
			runOnlyForDeploymentPostprocessing = 0;
		};
/* End PBXFrameworksBuildPhase section */

/* Begin PBXGroup section */
		3AA432CBEC882767ED3CE144 /* Pods */ = {
			isa = PBXGroup;
			children = (
				F488AC120B9A6CEE320295D7 /* Pods-Sample iOS.debug.xcconfig */,
				34BF0E06A2BBBAC806A14B6D /* Pods-Sample iOS.release.xcconfig */,
				85D40065B4465F18C0849D77 /* Pods-EasyBelote iOS.debug.xcconfig */,
				6B2B181710995867948F9B85 /* Pods-EasyBelote iOS.release.xcconfig */,
			);
			name = Pods;
			sourceTree = "<group>";
		};
		E20C8E48221719F700079164 /* cells */ = {
			isa = PBXGroup;
			children = (
				E20C8E4B22171A0A00079164 /* RoundTableViewCell.swift */,
				E20C8E4C22171A0A00079164 /* RoundTableViewCell.xib */,
			);
			path = cells;
			sourceTree = "<group>";
		};
		E2181A5A221166E800EF163A /* EasyBelote iOS */ = {
			isa = PBXGroup;
			children = (
				E2181A5B221166E800EF163A /* Classes */,
				E2181A63221166E800EF163A /* Supporting Files */,
			);
			path = "EasyBelote iOS";
			sourceTree = "<group>";
		};
		E2181A5B221166E800EF163A /* Classes */ = {
			isa = PBXGroup;
			children = (
				E29E8237221414C50036EC86 /* Generic */,
				E2181A5C221166E800EF163A /* UI */,
				E2181A61221166E800EF163A /* AppDelegate */,
			);
			path = Classes;
			sourceTree = "<group>";
		};
		E2181A5C221166E800EF163A /* UI */ = {
			isa = PBXGroup;
			children = (
				E2181A5D221166E800EF163A /* Home */,
				E2181A7D2211690D00EF163A /* Game */,
			);
			path = UI;
			sourceTree = "<group>";
		};
		E2181A5D221166E800EF163A /* Home */ = {
			isa = PBXGroup;
			children = (
				E2181A60221166E800EF163A /* Main.storyboard */,
				E2181A5F221166E800EF163A /* HomeViewController.swift */,
			);
			path = Home;
			sourceTree = "<group>";
		};
		E2181A61221166E800EF163A /* AppDelegate */ = {
			isa = PBXGroup;
			children = (
				E2181A62221166E800EF163A /* AppDelegate.swift */,
			);
			path = AppDelegate;
			sourceTree = "<group>";
		};
		E2181A63221166E800EF163A /* Supporting Files */ = {
			isa = PBXGroup;
			children = (
				E2181A80221169F100EF163A /* Localizables */,
				E2181A69221166E800EF163A /* Assets.xcassets */,
				E2181A64221166E800EF163A /* StoryboardSegues.swift */,
				E2181A65221166E800EF163A /* Assets.swift */,
				E2181A66221166E800EF163A /* StoryboardScenes.swift */,
				E2181A67221166E800EF163A /* LaunchScreen.storyboard */,
				E2181A68221166E800EF163A /* Localizables.swift */,
				E2181A6E221166E800EF163A /* Colors.swift */,
				E2181A6F221166E800EF163A /* Info.plist */,
			);
			path = "Supporting Files";
			sourceTree = "<group>";
		};
		E2181A7D2211690D00EF163A /* Game */ = {
			isa = PBXGroup;
			children = (
				E20C8E48221719F700079164 /* cells */,
				E23C25B82216B372004508F0 /* views */,
				E2181A7E2211691F00EF163A /* Game.storyboard */,
				E2AD874F2215744D004CB98D /* GameContainerViewController.swift */,
				E2181A8122116A6700EF163A /* NewGameViewController.swift */,
				E2181A8B2211719A00EF163A /* GameViewController.swift */,
				E20C8E46221718E500079164 /* RoundHistoryViewController.swift */,
				E23C25BD2216B7C9004508F0 /* RoundViewController.swift */,
			);
			path = Game;
			sourceTree = "<group>";
		};
		E2181A80221169F100EF163A /* Localizables */ = {
			isa = PBXGroup;
			children = (
				E2181A6B221166E800EF163A /* Localizable.strings */,
			);
			path = Localizables;
			sourceTree = "<group>";
		};
		E23C25B82216B372004508F0 /* views */ = {
			isa = PBXGroup;
			children = (
				E23C25B92216B389004508F0 /* PlayerView.swift */,
				E23C25BB2216B394004508F0 /* PlayerView.xib */,
				E23C25BF2216BBA6004508F0 /* TeamRoundView.swift */,
				E23C25C12216BBAD004508F0 /* TeamRoundView.xib */,
				E2F5EA302226CD7300AAD2C6 /* CoincheView.swift */,
				E2F5EA322226CD7B00AAD2C6 /* CoincheView.xib */,
				E20C8E422217021C00079164 /* DeclarationButton.swift */,
				E20C8E442217022300079164 /* DeclarationButton.xib */,
			);
			path = views;
			sourceTree = "<group>";
		};
		E29E8237221414C50036EC86 /* Generic */ = {
			isa = PBXGroup;
			children = (
				E29E8238221414CD0036EC86 /* Views */,
			);
			path = Generic;
			sourceTree = "<group>";
		};
		E29E8238221414CD0036EC86 /* Views */ = {
			isa = PBXGroup;
			children = (
				E29E8239221414EC0036EC86 /* HighlightableView.swift */,
			);
			path = Views;
			sourceTree = "<group>";
		};
		E2AC2E0D21E62EFC00FB14DA = {
			isa = PBXGroup;
			children = (
				E2D49EFC2211658C00FE8802 /* EasyBelote_Core_iOS.framework */,
				E2181A5A221166E800EF163A /* EasyBelote iOS */,
				E2AC2E1721E62EFC00FB14DA /* Products */,
				E2AC2E3821E6340800FB14DA /* Frameworks */,
				3AA432CBEC882767ED3CE144 /* Pods */,
			);
			sourceTree = "<group>";
		};
		E2AC2E1721E62EFC00FB14DA /* Products */ = {
			isa = PBXGroup;
			children = (
				E2AC2E1621E62EFC00FB14DA /* EasyBelote iOS.app */,
			);
			name = Products;
			sourceTree = "<group>";
		};
		E2AC2E3821E6340800FB14DA /* Frameworks */ = {
			isa = PBXGroup;
			children = (
				F4C2D34300D45284333FCC27 /* Pods_EasyBelote_iOS.framework */,
			);
			name = Frameworks;
			sourceTree = "<group>";
		};
/* End PBXGroup section */

/* Begin PBXNativeTarget section */
		E2AC2E1521E62EFC00FB14DA /* EasyBelote iOS */ = {
			isa = PBXNativeTarget;
			buildConfigurationList = E2AC2E2821E62EFD00FB14DA /* Build configuration list for PBXNativeTarget "EasyBelote iOS" */;
			buildPhases = (
				1A59DA427133A72D3DB580D7 /* [CP] Check Pods Manifest.lock */,
				E2AC2E1221E62EFC00FB14DA /* Sources */,
				E2AC2E1321E62EFC00FB14DA /* Frameworks */,
				E2AC2E1421E62EFC00FB14DA /* Resources */,
				E2AC2E3321E630C400FB14DA /* Run Script -  🤖 SwiftLint */,
				E2AC2E3421E630D900FB14DA /* Run Script - 🤕 Copy frameworks */,
				FBD4B757247BD27A0014F4E4 /* [CP] Embed Pods Frameworks */,
				E2D49EFF2211658C00FE8802 /* Embed Frameworks */,
			);
			buildRules = (
			);
			dependencies = (
			);
			name = "EasyBelote iOS";
			productName = Barboteur;
			productReference = E2AC2E1621E62EFC00FB14DA /* EasyBelote iOS.app */;
			productType = "com.apple.product-type.application";
		};
/* End PBXNativeTarget section */

/* Begin PBXProject section */
		E2AC2E0E21E62EFC00FB14DA /* Project object */ = {
			isa = PBXProject;
			attributes = {
				LastSwiftUpdateCheck = 1010;
				LastUpgradeCheck = 1010;
				ORGANIZATIONNAME = barboteur;
				TargetAttributes = {
					E2AC2E1521E62EFC00FB14DA = {
						CreatedOnToolsVersion = 10.1;
					};
				};
			};
			buildConfigurationList = E2AC2E1121E62EFC00FB14DA /* Build configuration list for PBXProject "EasyBelote iOS" */;
			compatibilityVersion = "Xcode 9.3";
			developmentRegion = en;
			hasScannedForEncodings = 0;
			knownRegions = (
				en,
				fr,
			);
			mainGroup = E2AC2E0D21E62EFC00FB14DA;
			productRefGroup = E2AC2E1721E62EFC00FB14DA /* Products */;
			projectDirPath = "";
			projectRoot = "";
			targets = (
				E2AC2E1521E62EFC00FB14DA /* EasyBelote iOS */,
			);
		};
/* End PBXProject section */

/* Begin PBXResourcesBuildPhase section */
		E2AC2E1421E62EFC00FB14DA /* Resources */ = {
			isa = PBXResourcesBuildPhase;
			buildActionMask = 2147483647;
			files = (
				E20C8E452217022300079164 /* DeclarationButton.xib in Resources */,
				E2181A72221166E800EF163A /* Main.storyboard in Resources */,
				E2F5EA332226CD7B00AAD2C6 /* CoincheView.xib in Resources */,
				E2181A7A221166E800EF163A /* Localizable.strings in Resources */,
				E2181A79221166E800EF163A /* Assets.xcassets in Resources */,
				E2181A7F2211691F00EF163A /* Game.storyboard in Resources */,
				E23C25C22216BBAD004508F0 /* TeamRoundView.xib in Resources */,
				E20C8E4E22171A0A00079164 /* RoundTableViewCell.xib in Resources */,
				E2181A77221166E800EF163A /* LaunchScreen.storyboard in Resources */,
				E23C25BC2216B394004508F0 /* PlayerView.xib in Resources */,
			);
			runOnlyForDeploymentPostprocessing = 0;
		};
/* End PBXResourcesBuildPhase section */

/* Begin PBXShellScriptBuildPhase section */
		1A59DA427133A72D3DB580D7 /* [CP] Check Pods Manifest.lock */ = {
			isa = PBXShellScriptBuildPhase;
			buildActionMask = 2147483647;
			files = (
			);
			inputFileListPaths = (
			);
			inputPaths = (
				"${PODS_PODFILE_DIR_PATH}/Podfile.lock",
				"${PODS_ROOT}/Manifest.lock",
			);
			name = "[CP] Check Pods Manifest.lock";
			outputFileListPaths = (
			);
			outputPaths = (
				"$(DERIVED_FILE_DIR)/Pods-EasyBelote iOS-checkManifestLockResult.txt",
			);
			runOnlyForDeploymentPostprocessing = 0;
			shellPath = /bin/sh;
			shellScript = "diff \"${PODS_PODFILE_DIR_PATH}/Podfile.lock\" \"${PODS_ROOT}/Manifest.lock\" > /dev/null\nif [ $? != 0 ] ; then\n    # print error to STDERR\n    echo \"error: The sandbox is not in sync with the Podfile.lock. Run 'pod install' or update your CocoaPods installation.\" >&2\n    exit 1\nfi\n# This output is used by Xcode 'outputs' to avoid re-running this script phase.\necho \"SUCCESS\" > \"${SCRIPT_OUTPUT_FILE_0}\"\n";
			showEnvVarsInLog = 0;
		};
		E2AC2E3321E630C400FB14DA /* Run Script -  🤖 SwiftLint */ = {
			isa = PBXShellScriptBuildPhase;
			buildActionMask = 2147483647;
			files = (
			);
			inputFileListPaths = (
			);
			inputPaths = (
			);
			name = "Run Script -  🤖 SwiftLint";
			outputFileListPaths = (
			);
			outputPaths = (
			);
			runOnlyForDeploymentPostprocessing = 0;
			shellPath = /bin/sh;
			shellScript = "swiftlint --config ../.swiftlint.yml\n";
		};
		E2AC2E3421E630D900FB14DA /* Run Script - 🤕 Copy frameworks */ = {
			isa = PBXShellScriptBuildPhase;
			buildActionMask = 2147483647;
			files = (
			);
			inputFileListPaths = (
			);
			inputPaths = (
				"$(SRCROOT)/../Carthage/Build/iOS/Reusable.framework",
				"$(SRCROOT)/../Carthage/Build/iOS/SwiftyUserDefaults.framework",
				"$(SRCROOT)/../Carthage/Build/iOS/IQKeyboardManagerSwift.framework",
			);
			name = "Run Script - 🤕 Copy frameworks";
			outputFileListPaths = (
			);
			outputPaths = (
				"$(BUILT_PRODUCTS_DIR)/$(FRAMEWORKS_FOLDER_PATH)/Reusable.framework",
				"$(BUILT_PRODUCTS_DIR)/$(FRAMEWORKS_FOLDER_PATH)/SwiftyUserDefaults.framework",
				"$(BUILT_PRODUCTS_DIR)/$(FRAMEWORKS_FOLDER_PATH)/IQKeyboardManagerSwift.framework",
			);
			runOnlyForDeploymentPostprocessing = 0;
			shellPath = /bin/sh;
			shellScript = "/usr/local/bin/carthage copy-frameworks\n";
		};
		FBD4B757247BD27A0014F4E4 /* [CP] Embed Pods Frameworks */ = {
			isa = PBXShellScriptBuildPhase;
			buildActionMask = 2147483647;
			files = (
			);
			inputFileListPaths = (
			);
			inputPaths = (
				"${SRCROOT}/../Pods/Target Support Files/Pods-EasyBelote iOS/Pods-EasyBelote iOS-frameworks.sh",
				"${BUILT_PRODUCTS_DIR}/IBAnimatable/IBAnimatable.framework",
				"${PODS_ROOT}/Reveal-SDK/RevealServer-20/iOS/RevealServer.framework",
				"${BUILT_PRODUCTS_DIR}/SAConfettiView/SAConfettiView.framework",
			);
			name = "[CP] Embed Pods Frameworks";
			outputFileListPaths = (
			);
			outputPaths = (
				"${TARGET_BUILD_DIR}/${FRAMEWORKS_FOLDER_PATH}/IBAnimatable.framework",
				"${TARGET_BUILD_DIR}/${FRAMEWORKS_FOLDER_PATH}/RevealServer.framework",
				"${TARGET_BUILD_DIR}/${FRAMEWORKS_FOLDER_PATH}/SAConfettiView.framework",
			);
			runOnlyForDeploymentPostprocessing = 0;
			shellPath = /bin/sh;
			shellScript = "\"${SRCROOT}/../Pods/Target Support Files/Pods-EasyBelote iOS/Pods-EasyBelote iOS-frameworks.sh\"\n";
			showEnvVarsInLog = 0;
		};
/* End PBXShellScriptBuildPhase section */

/* Begin PBXSourcesBuildPhase section */
		E2AC2E1221E62EFC00FB14DA /* Sources */ = {
			isa = PBXSourcesBuildPhase;
			buildActionMask = 2147483647;
			files = (
				E23C25C02216BBA6004508F0 /* TeamRoundView.swift in Sources */,
				E2AD87502215744D004CB98D /* GameContainerViewController.swift in Sources */,
				E2181A73221166E800EF163A /* AppDelegate.swift in Sources */,
				E2181A8222116A6700EF163A /* NewGameViewController.swift in Sources */,
				E2181A7B221166E800EF163A /* Colors.swift in Sources */,
				E20C8E432217021C00079164 /* DeclarationButton.swift in Sources */,
				E2181A78221166E800EF163A /* Localizables.swift in Sources */,
				E2181A8C2211719A00EF163A /* GameViewController.swift in Sources */,
				E20C8E47221718E500079164 /* RoundHistoryViewController.swift in Sources */,
				E23C25BA2216B389004508F0 /* PlayerView.swift in Sources */,
				E2181A74221166E800EF163A /* StoryboardSegues.swift in Sources */,
				E20C8E4D22171A0A00079164 /* RoundTableViewCell.swift in Sources */,
				E2181A75221166E800EF163A /* Assets.swift in Sources */,
				E29E823A221414EC0036EC86 /* HighlightableView.swift in Sources */,
				E23C25BE2216B7C9004508F0 /* RoundViewController.swift in Sources */,
				E2181A71221166E800EF163A /* HomeViewController.swift in Sources */,
				E2F5EA312226CD7300AAD2C6 /* CoincheView.swift in Sources */,
				E2181A76221166E800EF163A /* StoryboardScenes.swift in Sources */,
			);
			runOnlyForDeploymentPostprocessing = 0;
		};
/* End PBXSourcesBuildPhase section */

/* Begin PBXVariantGroup section */
		E2181A6B221166E800EF163A /* Localizable.strings */ = {
			isa = PBXVariantGroup;
			children = (
				E2181A6C221166E800EF163A /* en */,
				E2181A6D221166E800EF163A /* fr */,
			);
			name = Localizable.strings;
			sourceTree = "<group>";
		};
/* End PBXVariantGroup section */

/* Begin XCBuildConfiguration section */
		E2AC2E2621E62EFD00FB14DA /* Debug */ = {
			isa = XCBuildConfiguration;
			buildSettings = {
				ALWAYS_SEARCH_USER_PATHS = NO;
				CLANG_ANALYZER_LOCALIZABILITY_NONLOCALIZED = YES;
				CLANG_ANALYZER_NONNULL = YES;
				CLANG_ANALYZER_NUMBER_OBJECT_CONVERSION = YES_AGGRESSIVE;
				CLANG_CXX_LANGUAGE_STANDARD = "gnu++14";
				CLANG_CXX_LIBRARY = "libc++";
				CLANG_ENABLE_MODULES = YES;
				CLANG_ENABLE_OBJC_ARC = YES;
				CLANG_ENABLE_OBJC_WEAK = YES;
				CLANG_WARN_BLOCK_CAPTURE_AUTORELEASING = YES;
				CLANG_WARN_BOOL_CONVERSION = YES;
				CLANG_WARN_COMMA = YES;
				CLANG_WARN_CONSTANT_CONVERSION = YES;
				CLANG_WARN_DEPRECATED_OBJC_IMPLEMENTATIONS = YES;
				CLANG_WARN_DIRECT_OBJC_ISA_USAGE = YES_ERROR;
				CLANG_WARN_DOCUMENTATION_COMMENTS = YES;
				CLANG_WARN_EMPTY_BODY = YES;
				CLANG_WARN_ENUM_CONVERSION = YES;
				CLANG_WARN_INFINITE_RECURSION = YES;
				CLANG_WARN_INT_CONVERSION = YES;
				CLANG_WARN_NON_LITERAL_NULL_CONVERSION = YES;
				CLANG_WARN_OBJC_IMPLICIT_RETAIN_SELF = YES;
				CLANG_WARN_OBJC_LITERAL_CONVERSION = YES;
				CLANG_WARN_OBJC_ROOT_CLASS = YES_ERROR;
				CLANG_WARN_RANGE_LOOP_ANALYSIS = YES;
				CLANG_WARN_STRICT_PROTOTYPES = YES;
				CLANG_WARN_SUSPICIOUS_MOVE = YES;
				CLANG_WARN_UNGUARDED_AVAILABILITY = YES_AGGRESSIVE;
				CLANG_WARN_UNREACHABLE_CODE = YES;
				CLANG_WARN__DUPLICATE_METHOD_MATCH = YES;
				CODE_SIGN_IDENTITY = "iPhone Developer";
				COPY_PHASE_STRIP = NO;
				DEBUG_INFORMATION_FORMAT = dwarf;
				ENABLE_STRICT_OBJC_MSGSEND = YES;
				ENABLE_TESTABILITY = YES;
				GCC_C_LANGUAGE_STANDARD = gnu11;
				GCC_DYNAMIC_NO_PIC = NO;
				GCC_NO_COMMON_BLOCKS = YES;
				GCC_OPTIMIZATION_LEVEL = 0;
				GCC_PREPROCESSOR_DEFINITIONS = (
					"DEBUG=1",
					"$(inherited)",
				);
				GCC_WARN_64_TO_32_BIT_CONVERSION = YES;
				GCC_WARN_ABOUT_RETURN_TYPE = YES_ERROR;
				GCC_WARN_UNDECLARED_SELECTOR = YES;
				GCC_WARN_UNINITIALIZED_AUTOS = YES_AGGRESSIVE;
				GCC_WARN_UNUSED_FUNCTION = YES;
				GCC_WARN_UNUSED_VARIABLE = YES;
				IPHONEOS_DEPLOYMENT_TARGET = 12.1;
				MTL_ENABLE_DEBUG_INFO = INCLUDE_SOURCE;
				MTL_FAST_MATH = YES;
				ONLY_ACTIVE_ARCH = YES;
				SDKROOT = iphoneos;
				SWIFT_ACTIVE_COMPILATION_CONDITIONS = DEBUG;
				SWIFT_OPTIMIZATION_LEVEL = "-Onone";
			};
			name = Debug;
		};
		E2AC2E2721E62EFD00FB14DA /* Release */ = {
			isa = XCBuildConfiguration;
			buildSettings = {
				ALWAYS_SEARCH_USER_PATHS = NO;
				CLANG_ANALYZER_LOCALIZABILITY_NONLOCALIZED = YES;
				CLANG_ANALYZER_NONNULL = YES;
				CLANG_ANALYZER_NUMBER_OBJECT_CONVERSION = YES_AGGRESSIVE;
				CLANG_CXX_LANGUAGE_STANDARD = "gnu++14";
				CLANG_CXX_LIBRARY = "libc++";
				CLANG_ENABLE_MODULES = YES;
				CLANG_ENABLE_OBJC_ARC = YES;
				CLANG_ENABLE_OBJC_WEAK = YES;
				CLANG_WARN_BLOCK_CAPTURE_AUTORELEASING = YES;
				CLANG_WARN_BOOL_CONVERSION = YES;
				CLANG_WARN_COMMA = YES;
				CLANG_WARN_CONSTANT_CONVERSION = YES;
				CLANG_WARN_DEPRECATED_OBJC_IMPLEMENTATIONS = YES;
				CLANG_WARN_DIRECT_OBJC_ISA_USAGE = YES_ERROR;
				CLANG_WARN_DOCUMENTATION_COMMENTS = YES;
				CLANG_WARN_EMPTY_BODY = YES;
				CLANG_WARN_ENUM_CONVERSION = YES;
				CLANG_WARN_INFINITE_RECURSION = YES;
				CLANG_WARN_INT_CONVERSION = YES;
				CLANG_WARN_NON_LITERAL_NULL_CONVERSION = YES;
				CLANG_WARN_OBJC_IMPLICIT_RETAIN_SELF = YES;
				CLANG_WARN_OBJC_LITERAL_CONVERSION = YES;
				CLANG_WARN_OBJC_ROOT_CLASS = YES_ERROR;
				CLANG_WARN_RANGE_LOOP_ANALYSIS = YES;
				CLANG_WARN_STRICT_PROTOTYPES = YES;
				CLANG_WARN_SUSPICIOUS_MOVE = YES;
				CLANG_WARN_UNGUARDED_AVAILABILITY = YES_AGGRESSIVE;
				CLANG_WARN_UNREACHABLE_CODE = YES;
				CLANG_WARN__DUPLICATE_METHOD_MATCH = YES;
				CODE_SIGN_IDENTITY = "iPhone Developer";
				COPY_PHASE_STRIP = NO;
				DEBUG_INFORMATION_FORMAT = "dwarf-with-dsym";
				ENABLE_NS_ASSERTIONS = NO;
				ENABLE_STRICT_OBJC_MSGSEND = YES;
				GCC_C_LANGUAGE_STANDARD = gnu11;
				GCC_NO_COMMON_BLOCKS = YES;
				GCC_WARN_64_TO_32_BIT_CONVERSION = YES;
				GCC_WARN_ABOUT_RETURN_TYPE = YES_ERROR;
				GCC_WARN_UNDECLARED_SELECTOR = YES;
				GCC_WARN_UNINITIALIZED_AUTOS = YES_AGGRESSIVE;
				GCC_WARN_UNUSED_FUNCTION = YES;
				GCC_WARN_UNUSED_VARIABLE = YES;
				IPHONEOS_DEPLOYMENT_TARGET = 12.1;
				MTL_ENABLE_DEBUG_INFO = NO;
				MTL_FAST_MATH = YES;
				SDKROOT = iphoneos;
				SWIFT_COMPILATION_MODE = wholemodule;
				SWIFT_OPTIMIZATION_LEVEL = "-O";
				VALIDATE_PRODUCT = YES;
			};
			name = Release;
		};
		E2AC2E2921E62EFD00FB14DA /* Debug */ = {
			isa = XCBuildConfiguration;
			baseConfigurationReference = 85D40065B4465F18C0849D77 /* Pods-EasyBelote iOS.debug.xcconfig */;
			buildSettings = {
				ASSETCATALOG_COMPILER_APPICON_NAME = AppIcon;
				CODE_SIGN_STYLE = Automatic;
				DEVELOPMENT_TEAM = 6GS59T2X57;
				FRAMEWORK_SEARCH_PATHS = (
					"$(SRCROOT)/../Carthage/Build/iOS",
					"$(inherited)",
				);
				INFOPLIST_FILE = "$(SRCROOT)/EasyBelote iOS/Supporting Files/Info.plist";
				IPHONEOS_DEPLOYMENT_TARGET = 11.0;
				LD_RUNPATH_SEARCH_PATHS = (
					"$(inherited)",
					"@executable_path/Frameworks",
				);
				PRODUCT_BUNDLE_IDENTIFIER = com.tombaranes.easybelote;
				PRODUCT_NAME = "$(TARGET_NAME)";
				SWIFT_VERSION = 4.2;
				TARGETED_DEVICE_FAMILY = 1;
			};
			name = Debug;
		};
		E2AC2E2A21E62EFD00FB14DA /* Release */ = {
			isa = XCBuildConfiguration;
			baseConfigurationReference = 6B2B181710995867948F9B85 /* Pods-EasyBelote iOS.release.xcconfig */;
			buildSettings = {
				ASSETCATALOG_COMPILER_APPICON_NAME = AppIcon;
				CODE_SIGN_STYLE = Automatic;
				DEVELOPMENT_TEAM = 6GS59T2X57;
				FRAMEWORK_SEARCH_PATHS = (
					"$(SRCROOT)/../Carthage/Build/iOS",
					"$(inherited)",
				);
				INFOPLIST_FILE = "$(SRCROOT)/EasyBelote iOS/Supporting Files/Info.plist";
				IPHONEOS_DEPLOYMENT_TARGET = 11.0;
				LD_RUNPATH_SEARCH_PATHS = (
					"$(inherited)",
					"@executable_path/Frameworks",
				);
				PRODUCT_BUNDLE_IDENTIFIER = com.tombaranes.easybelote;
				PRODUCT_NAME = "$(TARGET_NAME)";
				SWIFT_VERSION = 4.2;
				TARGETED_DEVICE_FAMILY = 1;
			};
			name = Release;
		};
/* End XCBuildConfiguration section */

/* Begin XCConfigurationList section */
		E2AC2E1121E62EFC00FB14DA /* Build configuration list for PBXProject "EasyBelote iOS" */ = {
			isa = XCConfigurationList;
			buildConfigurations = (
				E2AC2E2621E62EFD00FB14DA /* Debug */,
				E2AC2E2721E62EFD00FB14DA /* Release */,
			);
			defaultConfigurationIsVisible = 0;
			defaultConfigurationName = Release;
		};
		E2AC2E2821E62EFD00FB14DA /* Build configuration list for PBXNativeTarget "EasyBelote iOS" */ = {
			isa = XCConfigurationList;
			buildConfigurations = (
				E2AC2E2921E62EFD00FB14DA /* Debug */,
				E2AC2E2A21E62EFD00FB14DA /* Release */,
			);
			defaultConfigurationIsVisible = 0;
			defaultConfigurationName = Release;
		};
/* End XCConfigurationList section */
	};
	rootObject = E2AC2E0E21E62EFC00FB14DA /* Project object */;
}
